
Microsoft Visual Studio Solution File, Format Version 12.00
# Visual Studio Version 17
VisualStudioVersion = 17.8.34316.72
MinimumVisualStudioVersion = 10.0.40219.1
Project("{FAE04EC0-301F-11D3-BF4B-00C04F79EFBC}") = "assignment", "assignment\assignment.csproj", "{D3928EF8-A4EA-4ED7-9208-16478C1E7C70}"
EndProject
Global
	GlobalSection(SolutionConfigurationPlatforms) = preSolution
		Debug|Any CPU = Debug|Any CPU
		Release|Any CPU = Release|Any CPU
	EndGlobalSection
	GlobalSection(ProjectConfigurationPlatforms) = postSolution
		{D3928EF8-A4EA-4ED7-9208-16478C1E7C70}.Debug|Any CPU.ActiveCfg = Debug|Any CPU
		{D3928EF8-A4EA-4ED7-9208-16478C1E7C70}.Debug|Any CPU.Build.0 = Debug|Any CPU
		{D3928EF8-A4EA-4ED7-9208-16478C1E7C70}.Release|Any CPU.ActiveCfg = Release|Any CPU
		{D3928EF8-A4EA-4ED7-9208-16478C1E7C70}.Release|Any CPU.Build.0 = Release|Any CPU
	EndGlobalSection
	GlobalSection(SolutionProperties) = preSolution
		HideSolutionNode = FALSE
	EndGlobalSection
	GlobalSection(ExtensibilityGlobals) = postSolution
		SolutionGuid = {E18D6DA6-C290-4ABD-9717-ACF163851E4D}
	EndGlobalSection
EndGlobal
